
Microsoft Visual Studio Solution File, Format Version 12.00
# Visual Studio 2013
VisualStudioVersion = 12.0.31101.0
MinimumVisualStudioVersion = 10.0.40219.1
Project("{FAE04EC0-301F-11D3-BF4B-00C04F79EFBC}") = "CocosInjector.InjectorHost", "CocosInjector.InjectorHost\CocosInjector.InjectorHost.csproj", "{D7EA6E60-E6AC-4E39-8B4F-9A77338563F4}"
EndProject
Project("{2150E333-8FDC-42A3-9474-1A3956D46DE8}") = "Solution Items", "Solution Items", "{E417BA82-9F52-4EFD-8462-811A184BCD86}"
	ProjectSection(SolutionItems) = preProject
		.gitignore = .gitignore
		CocosInjector.nuspec = CocosInjector.nuspec
		LICENSE = LICENSE
		README.md = README.md
		version.txt = version.txt
	EndProjectSection
EndProject
Project("{FAE04EC0-301F-11D3-BF4B-00C04F79EFBC}") = "CocosInjector.DebugApp", "CocosInjector.DebugApp\CocosInjector.DebugApp.csproj", "{118D7D63-2AF5-49C4-B98C-DD60FA904AD8}"
EndProject
Global
	GlobalSection(SolutionConfigurationPlatforms) = preSolution
		Debug|Any CPU = Debug|Any CPU
		Release|Any CPU = Release|Any CPU
	EndGlobalSection
	GlobalSection(ProjectConfigurationPlatforms) = postSolution
		{D7EA6E60-E6AC-4E39-8B4F-9A77338563F4}.Debug|Any CPU.ActiveCfg = Debug|Any CPU
		{D7EA6E60-E6AC-4E39-8B4F-9A77338563F4}.Debug|Any CPU.Build.0 = Debug|Any CPU
		{D7EA6E60-E6AC-4E39-8B4F-9A77338563F4}.Release|Any CPU.ActiveCfg = Release|Any CPU
		{D7EA6E60-E6AC-4E39-8B4F-9A77338563F4}.Release|Any CPU.Build.0 = Release|Any CPU
		{118D7D63-2AF5-49C4-B98C-DD60FA904AD8}.Debug|Any CPU.ActiveCfg = Debug|Any CPU
		{118D7D63-2AF5-49C4-B98C-DD60FA904AD8}.Debug|Any CPU.Build.0 = Debug|Any CPU
		{118D7D63-2AF5-49C4-B98C-DD60FA904AD8}.Release|Any CPU.ActiveCfg = Release|Any CPU
		{118D7D63-2AF5-49C4-B98C-DD60FA904AD8}.Release|Any CPU.Build.0 = Release|Any CPU
	EndGlobalSection
	GlobalSection(SolutionProperties) = preSolution
		HideSolutionNode = FALSE
	EndGlobalSection
EndGlobal
